PODS:
  - Alamofire (4.9.1)
  - AlamofireImage (3.6.0):
    - Alamofire (~> 4.9)
  - BetterSegmentedControl (1.3.0)
  - SwiftyJSON (5.0.0)

DEPENDENCIES:
  - Alamofire (~> 4.9)
  - AlamofireImage (~> 3.5)
  - BetterSegmentedControl (~> 1.3)
  - SwiftyJSON

SPEC REPOS:
  trunk:
    - Alamofire
    - AlamofireImage
    - BetterSegmentedControl
    - SwiftyJSON

SPEC CHECKSUMS:
  Alamofire: 85e8a02c69d6020a0d734f6054870d7ecb75cf18
  AlamofireImage: be9963c6582d68b39e89191f64c82a7d7bf40fdd
  BetterSegmentedControl: 85d1b0343a09603b098884d527f550dfc8e6cdd9
  SwiftyJSON: 36413e04c44ee145039d332b4f4e2d3e8d6c4db7

PODFILE CHECKSUM: 09ca2058fa0eb4de7a1132d8a5258200635d9cbe

COCOAPODS: 1.9.1
